
Microsoft Visual Studio Solution File, Format Version 12.00
# Visual Studio Version 17
VisualStudioVersion = 17.0.32014.148
MinimumVisualStudioVersion = 10.0.40219.1
Project("{9A19103F-16F7-4668-BE54-9A1E7A4F7556}") = "OrderMicroservice", "OrderMicroservice.csproj", "{21378028-5AA3-4023-9A95-6A2E2F272248}"
EndProject
Project("{9A19103F-16F7-4668-BE54-9A1E7A4F7556}") = "Tests", "Tests\Tests.csproj", "{C845D140-0B8C-4926-88F7-4583E886B32D}"
EndProject
Global
	GlobalSection(SolutionConfigurationPlatforms) = preSolution
		Debug|Any CPU = Debug|Any CPU
		Release|Any CPU = Release|Any CPU
	EndGlobalSection
	GlobalSection(ProjectConfigurationPlatforms) = postSolution
		{21378028-5AA3-4023-9A95-6A2E2F272248}.Debug|Any CPU.ActiveCfg = Debug|Any CPU
		{21378028-5AA3-4023-9A95-6A2E2F272248}.Debug|Any CPU.Build.0 = Debug|Any CPU
		{21378028-5AA3-4023-9A95-6A2E2F272248}.Release|Any CPU.ActiveCfg = Release|Any CPU
		{21378028-5AA3-4023-9A95-6A2E2F272248}.Release|Any CPU.Build.0 = Release|Any CPU
		{C845D140-0B8C-4926-88F7-4583E886B32D}.Debug|Any CPU.ActiveCfg = Debug|Any CPU
		{C845D140-0B8C-4926-88F7-4583E886B32D}.Debug|Any CPU.Build.0 = Debug|Any CPU
		{C845D140-0B8C-4926-88F7-4583E886B32D}.Release|Any CPU.ActiveCfg = Release|Any CPU
		{C845D140-0B8C-4926-88F7-4583E886B32D}.Release|Any CPU.Build.0 = Release|Any CPU
	EndGlobalSection
	GlobalSection(SolutionProperties) = preSolution
		HideSolutionNode = FALSE
	EndGlobalSection
	GlobalSection(ExtensibilityGlobals) = postSolution
		SolutionGuid = {D9063501-18B8-4747-943D-EC8043C53219}
	EndGlobalSection
EndGlobal
