
Microsoft Visual Studio Solution File, Format Version 12.00
# Visual Studio Version 17
VisualStudioVersion = 17.0.32014.148
MinimumVisualStudioVersion = 10.0.40219.1
Project("{FAE04EC0-301F-11D3-BF4B-00C04F79EFBC}") = "API", "API\API.csproj", "{AB011573-AF94-458D-B5E5-9DE6131BABAF}"
EndProject
Project("{FAE04EC0-301F-11D3-BF4B-00C04F79EFBC}") = "UnitTests", "UnitTests\UnitTests.csproj", "{2A63FF0A-04B8-4CB6-9C27-72F68EE827BA}"
EndProject
Global
	GlobalSection(SolutionConfigurationPlatforms) = preSolution
		Debug|Any CPU = Debug|Any CPU
		Release|Any CPU = Release|Any CPU
	EndGlobalSection
	GlobalSection(ProjectConfigurationPlatforms) = postSolution
		{AB011573-AF94-458D-B5E5-9DE6131BABAF}.Debug|Any CPU.ActiveCfg = Debug|Any CPU
		{AB011573-AF94-458D-B5E5-9DE6131BABAF}.Debug|Any CPU.Build.0 = Debug|Any CPU
		{AB011573-AF94-458D-B5E5-9DE6131BABAF}.Release|Any CPU.ActiveCfg = Release|Any CPU
		{AB011573-AF94-458D-B5E5-9DE6131BABAF}.Release|Any CPU.Build.0 = Release|Any CPU
		{2A63FF0A-04B8-4CB6-9C27-72F68EE827BA}.Debug|Any CPU.ActiveCfg = Debug|Any CPU
		{2A63FF0A-04B8-4CB6-9C27-72F68EE827BA}.Debug|Any CPU.Build.0 = Debug|Any CPU
		{2A63FF0A-04B8-4CB6-9C27-72F68EE827BA}.Release|Any CPU.ActiveCfg = Release|Any CPU
		{2A63FF0A-04B8-4CB6-9C27-72F68EE827BA}.Release|Any CPU.Build.0 = Release|Any CPU
	EndGlobalSection
	GlobalSection(SolutionProperties) = preSolution
		HideSolutionNode = FALSE
	EndGlobalSection
	GlobalSection(ExtensibilityGlobals) = postSolution
		SolutionGuid = {10127960-DBB1-46B8-9519-A5920BB52924}
	EndGlobalSection
EndGlobal
